dependencies:
  espressif/cmake_utilities:
    component_hash: 351350613ceafba240b761b4ea991e0f231ac7a9f59a9ee901f751bddc0bb18f
    source:
      service_url: https://api.components.espressif.com/
      type: service
    version: 0.5.3
  espressif/esp_lcd_st7796:
    component_hash: 8c427fda6dbce13d1b254937217a6f35f6655d708e041fbeb3dd8f968ee3cce0
    source:
      service_url: https://api.components.espressif.com/
      type: service
    version: 1.2.1
  espressif/esp_lcd_touch:
    component_hash: d4d8f2dc33205797169a97a02e0d89a8982f59fe0509129b54422052b8522f59
    source:
      service_url: https://api.components.espressif.com/
      type: service
    version: 1.1.1
  espressif/esp_lcd_touch_ft5x06:
    component_hash: 97759953d9436a365e9427078c5b04ecce4e6a50f50cf62c68cd6bfa229b812c
    source:
      service_url: https://api.components.espressif.com/
      type: service
    version: 1.0.6
  espressif/esp_lvgl_port:
    component_hash: d4288a8a1b1db92b62cef9fe1375ea216e5470e48fc7d752816161442f181758
    source:
      service_url: https://api.components.espressif.com/
      type: service
    version: 2.0.0
  idf:
    component_hash: null
    source:
      type: idf
    version: 5.1.2
  lvgl/lvgl:
    component_hash: 2a8f619b5c2b1c7ad116c33d43dae8989c76739068f406a7e8ba9221e1085f17
    source:
      service_url: https://api.components.espressif.com/
      type: service
    version: 9.1.0
  wt32sc01plus:
    component_hash: null
    source:
      path: D:\Dev\ESP32\IDF-ESP_LCD-LVGL\components\wt32sc01plus
      type: local
    version: 0.0.1
manifest_hash: e4d2df0089a20786c61393e71f70cee4bee00112c3153e05e83dacb56b5a8461
target: esp32s3
version: 1.0.0
