dependencies:
  espressif/esp_lcd_st7796:
    component_hash: fa118bf3d2177a98ecd864e510a54a3fd3a954bc8725ebdeef8f958a5bd5cef3
    source:
      service_url: https://api.components.espressif.com/
      type: service
    version: 1.0.0
  espressif/esp_lcd_touch:
    component_hash: d4d8f2dc33205797169a97a02e0d89a8982f59fe0509129b54422052b8522f59
    source:
      service_url: https://api.components.espressif.com/
      type: service
    version: 1.1.1
  espressif/esp_lcd_touch_ft5x06:
    component_hash: 97759953d9436a365e9427078c5b04ecce4e6a50f50cf62c68cd6bfa229b812c
    source:
      service_url: https://api.components.espressif.com/
      type: service
    version: 1.0.6
  espressif/esp_lvgl_port:
    component_hash: d4288a8a1b1db92b62cef9fe1375ea216e5470e48fc7d752816161442f181758
    source:
      service_url: https://api.components.espressif.com/
      type: service
    version: 2.0.0
  idf:
    component_hash: null
    source:
      type: idf
    version: 5.1.2
  lvgl/lvgl:
    component_hash: da37debfb77b23833a71be7edcb36af7176d2b1d4896f5caa015fd912beb02d1
    source:
      service_url: https://api.components.espressif.com/
      type: service
    version: 9.0.0
manifest_hash: 9847ed4e8bd053dd02c924fd16325e569d12d4dc49cdfcf86104f9b87101de44
target: esp32
version: 1.0.0
